
Microsoft Visual Studio Solution File, Format Version 12.00
# Visual Studio Version 16
VisualStudioVersion = 16.0.33920.266
MinimumVisualStudioVersion = 10.0.40219.1
Project("{FAE04EC0-301F-11D3-BF4B-00C04F79EFBC}") = "Nhom1_QuanLySieuThiMini", "Nhom1_QuanLySieuThiMini\Nhom1_QuanLySieuThiMini.csproj", "{B8DE6391-53D9-4D36-8265-DEBD0E2E3A46}"
EndProject
Global
	GlobalSection(SolutionConfigurationPlatforms) = preSolution
		Debug|Any CPU = Debug|Any CPU
		Release|Any CPU = Release|Any CPU
	EndGlobalSection
	GlobalSection(ProjectConfigurationPlatforms) = postSolution
		{B8DE6391-53D9-4D36-8265-DEBD0E2E3A46}.Debug|Any CPU.ActiveCfg = Debug|Any CPU
		{B8DE6391-53D9-4D36-8265-DEBD0E2E3A46}.Debug|Any CPU.Build.0 = Debug|Any CPU
		{B8DE6391-53D9-4D36-8265-DEBD0E2E3A46}.Release|Any CPU.ActiveCfg = Release|Any CPU
		{B8DE6391-53D9-4D36-8265-DEBD0E2E3A46}.Release|Any CPU.Build.0 = Release|Any CPU
	EndGlobalSection
	GlobalSection(SolutionProperties) = preSolution
		HideSolutionNode = FALSE
	EndGlobalSection
	GlobalSection(ExtensibilityGlobals) = postSolution
		SolutionGuid = {3C277BC8-B1D9-4B91-B75D-6FF0EB8ED172}
	EndGlobalSection
EndGlobal
